
Microsoft Visual Studio Solution File, Format Version 12.00
# Visual Studio Version 16
VisualStudioVersion = 16.0.31702.278
MinimumVisualStudioVersion = 10.0.40219.1
Project("{FAE04EC0-301F-11D3-BF4B-00C04F79EFBC}") = "var3-ads", "var3-ads\var3-ads.csproj", "{6CDFB9D8-A2EF-4BD0-8604-9742B9A3505A}"
EndProject
Global
	GlobalSection(SolutionConfigurationPlatforms) = preSolution
		Debug|Any CPU = Debug|Any CPU
		Release|Any CPU = Release|Any CPU
	EndGlobalSection
	GlobalSection(ProjectConfigurationPlatforms) = postSolution
		{6CDFB9D8-A2EF-4BD0-8604-9742B9A3505A}.Debug|Any CPU.ActiveCfg = Debug|Any CPU
		{6CDFB9D8-A2EF-4BD0-8604-9742B9A3505A}.Debug|Any CPU.Build.0 = Debug|Any CPU
		{6CDFB9D8-A2EF-4BD0-8604-9742B9A3505A}.Release|Any CPU.ActiveCfg = Release|Any CPU
		{6CDFB9D8-A2EF-4BD0-8604-9742B9A3505A}.Release|Any CPU.Build.0 = Release|Any CPU
	EndGlobalSection
	GlobalSection(SolutionProperties) = preSolution
		HideSolutionNode = FALSE
	EndGlobalSection
	GlobalSection(ExtensibilityGlobals) = postSolution
		SolutionGuid = {49B9F5B4-5A3D-43ED-A51F-F9958C9DB6F9}
	EndGlobalSection
EndGlobal
