
Microsoft Visual Studio Solution File, Format Version 12.00
# Visual Studio Version 17
VisualStudioVersion = 17.0.31903.59
MinimumVisualStudioVersion = 10.0.40219.1
Project("{FAE04EC0-301F-11D3-BF4B-00C04F79EFBC}") = "Lab07_WPF", "Lab07_WPF\Lab07_WPF.csproj", "{56AE4C93-2AFC-441F-8BF0-1772815151C9}"
EndProject
Global
	GlobalSection(SolutionConfigurationPlatforms) = preSolution
		Debug|Any CPU = Debug|Any CPU
		Release|Any CPU = Release|Any CPU
	EndGlobalSection
	GlobalSection(ProjectConfigurationPlatforms) = postSolution
		{56AE4C93-2AFC-441F-8BF0-1772815151C9}.Debug|Any CPU.ActiveCfg = Debug|Any CPU
		{56AE4C93-2AFC-441F-8BF0-1772815151C9}.Debug|Any CPU.Build.0 = Debug|Any CPU
		{56AE4C93-2AFC-441F-8BF0-1772815151C9}.Release|Any CPU.ActiveCfg = Release|Any CPU
		{56AE4C93-2AFC-441F-8BF0-1772815151C9}.Release|Any CPU.Build.0 = Release|Any CPU
	EndGlobalSection
	GlobalSection(SolutionProperties) = preSolution
		HideSolutionNode = FALSE
	EndGlobalSection
	GlobalSection(ExtensibilityGlobals) = postSolution
		SolutionGuid = {CB0531AD-2EF5-4CD0-B96F-39859F12DAF5}
	EndGlobalSection
EndGlobal
